
Microsoft Visual Studio Solution File, Format Version 11.00
# Visual Studio 2010
Project("{8BC9CEB8-8B4A-11D0-8D11-00A0C91BC942}") = "libretro-uae", "libretro-uae.vcxproj", "{7D9C6125-ACD1-429A-8B84-77540C180645}"
EndProject
Global
	GlobalSection(SolutionConfigurationPlatforms) = preSolution
		Debug|Win32 = Debug|Win32
		Debug|Xbox 360 = Debug|Xbox 360
		Release|Win32 = Release|Win32
		Release|Xbox 360 = Release|Xbox 360
	EndGlobalSection
	GlobalSection(ProjectConfigurationPlatforms) = postSolution
		{7D9C6125-ACD1-429A-8B84-77540C180645}.Debug|Win32.ActiveCfg = Debug|Win32
		{7D9C6125-ACD1-429A-8B84-77540C180645}.Debug|Win32.Build.0 = Debug|Win32
		{7D9C6125-ACD1-429A-8B84-77540C180645}.Debug|Xbox 360.ActiveCfg = Debug|Xbox 360
		{7D9C6125-ACD1-429A-8B84-77540C180645}.Debug|Xbox 360.Build.0 = Debug|Xbox 360
		{7D9C6125-ACD1-429A-8B84-77540C180645}.Debug|Xbox 360.Deploy.0 = Debug|Xbox 360
		{7D9C6125-ACD1-429A-8B84-77540C180645}.Release|Win32.ActiveCfg = Release|Win32
		{7D9C6125-ACD1-429A-8B84-77540C180645}.Release|Win32.Build.0 = Release|Win32
		{7D9C6125-ACD1-429A-8B84-77540C180645}.Release|Xbox 360.ActiveCfg = Release|Xbox 360
		{7D9C6125-ACD1-429A-8B84-77540C180645}.Release|Xbox 360.Build.0 = Release|Xbox 360
		{7D9C6125-ACD1-429A-8B84-77540C180645}.Release|Xbox 360.Deploy.0 = Release|Xbox 360
	EndGlobalSection
	GlobalSection(SolutionProperties) = preSolution
		HideSolutionNode = FALSE
	EndGlobalSection
EndGlobal
