<?xml version="1.0" encoding="utf-8"?>
<Project ToolsVersion="4.0" xmlns="http://schemas.microsoft.com/developer/msbuild/2003">
  <ItemGroup>
    <Filter Include="Source Files">
      <UniqueIdentifier>{4FC737F1-C7A5-4376-A066-2A32D752A2FF}</UniqueIdentifier>
      <Extensions>cpp;c;cxx;def;odl;idl;hpj;bat;asm;asmx</Extensions>
    </Filter>
    <Filter Include="Header Files">
      <UniqueIdentifier>{93995380-89BD-4b04-88EB-625FBE52EBFB}</UniqueIdentifier>
      <Extensions>h;hpp;hxx;hm;inl;inc;xsd</Extensions>
    </Filter>
    <Filter Include="Source Files\frontend">
      <UniqueIdentifier>{a18d684a-452e-4ae1-822c-29792654f581}</UniqueIdentifier>
    </Filter>
    <Filter Include="Source Files\frontend\ui">
      <UniqueIdentifier>{13999ce8-f32a-4140-ab1d-fcd1e918e415}</UniqueIdentifier>
    </Filter>
    <Filter Include="Source Files\image">
      <UniqueIdentifier>{67ef5d98-0f16-4b00-8b44-5e24922f8acf}</UniqueIdentifier>
    </Filter>
    <Filter Include="Source Files\http">
      <UniqueIdentifier>{bdfaa2a0-a1ba-4757-a1ba-e1831c0172e1}</UniqueIdentifier>
    </Filter>
    <Filter Include="Source Files\retroachievements">
      <UniqueIdentifier>{91551e6c-fbbc-4498-8876-b88132749ad9}</UniqueIdentifier>
    </Filter>
    <Filter Include="i18n">
      <UniqueIdentifier>{90a15aba-848c-4278-a6b7-9e67c7c7b953}</UniqueIdentifier>
    </Filter>
    <Filter Include="Source Files\io">
      <UniqueIdentifier>{e5fe074d-9b3d-4941-bc26-0e53b5776767}</UniqueIdentifier>
    </Filter>
    <Filter Include="Source Files\so">
      <UniqueIdentifier>{0f1ab722-9f2c-426c-9024-9a14bcc21513}</UniqueIdentifier>
    </Filter>
    <Filter Include="Source Files\video">
      <UniqueIdentifier>{34e49a88-2b56-498c-8ead-810dae206e28}</UniqueIdentifier>
    </Filter>
    <Filter Include="Source Files\cheats">
      <UniqueIdentifier>{78c871d8-1661-495d-bff5-44c890aab6ad}</UniqueIdentifier>
    </Filter>
    <Filter Include="Source Files\frontend\menus">
      <UniqueIdentifier>{fdfd4269-cd2e-465e-a510-69791b273493}</UniqueIdentifier>
    </Filter>
    <Filter Include="Source Files\soft_filters">
      <UniqueIdentifier>{48d57c08-2d2f-4508-a161-18badc8ddf08}</UniqueIdentifier>
    </Filter>
    <Filter Include="Source Files\audio">
      <UniqueIdentifier>{6a31f4d2-36de-4d09-86ab-7be0e5ea2e6a}</UniqueIdentifier>
    </Filter>
  </ItemGroup>
  <ItemGroup>
    <ClCompile Include="src\io\filelist.h">
      <Filter>Header Files</Filter>
    </ClCompile>
    <ClCompile Include="src\io\hqx_2\hq2x.c">
      <Filter>Source Files\soft_filters</Filter>
    </ClCompile>
    <ClCompile Include="src\io\xbrz\xbrz.cpp">
      <Filter>Source Files\soft_filters</Filter>
    </ClCompile>
    <ClCompile Include="src\io\hq2xbox\hq2xx.cpp">
      <Filter>Source Files\soft_filters</Filter>
    </ClCompile>
    <ClCompile Include="src\io\hqx_2\hq3x.c">
      <Filter>Source Files\soft_filters</Filter>
    </ClCompile>
    <ClCompile Include="src\io\hqx_2\init.c">
      <Filter>Source Files\soft_filters</Filter>
    </ClCompile>
    <ClCompile Include="src\engine.cpp">
      <Filter>Source Files\frontend</Filter>
    </ClCompile>
    <ClCompile Include="src\io\cursorgestor.cpp">
      <Filter>Source Files\frontend\ui</Filter>
    </ClCompile>
    <ClCompile Include="src\uiobjects\listmenu.cpp">
      <Filter>Source Files\frontend\ui</Filter>
    </ClCompile>
    <ClCompile Include="src\uiobjects\image.cpp">
      <Filter>Source Files\frontend\ui</Filter>
    </ClCompile>
    <ClCompile Include="src\uiobjects\object.cpp">
      <Filter>Source Files\frontend\ui</Filter>
    </ClCompile>
    <ClCompile Include="src\uiobjects\textarea.cpp">
      <Filter>Source Files\frontend\ui</Filter>
    </ClCompile>
    <ClCompile Include="src\io\sync.cpp">
      <Filter>Source Files\frontend</Filter>
    </ClCompile>
    <ClCompile Include="src\gfx\SDL_gfxBlitFunc.c">
      <Filter>Source Files\image</Filter>
    </ClCompile>
    <ClCompile Include="src\gfx\SDL_gfxPrimitives.c">
      <Filter>Source Files\image</Filter>
    </ClCompile>
    <ClCompile Include="src\gfx\SDL_rotozoom.c">
      <Filter>Source Files\image</Filter>
    </ClCompile>
    <ClCompile Include="src\image\lodepng.cpp">
      <Filter>Source Files\image</Filter>
    </ClCompile>
    <ClCompile Include="src\http\pugixml.cpp">
      <Filter>Source Files\http</Filter>
    </ClCompile>
    <ClCompile Include="src\http\httputil.cpp">
      <Filter>Source Files\http</Filter>
    </ClCompile>
    <ClCompile Include="src\http\scrapper.cpp">
      <Filter>Source Files\http</Filter>
    </ClCompile>
    <ClCompile Include="src\utils\langmanager.cpp">
      <Filter>Source Files\frontend</Filter>
    </ClCompile>
    <ClCompile Include="src\http\badgedownloader.cpp">
      <Filter>Source Files\http</Filter>
    </ClCompile>
    <ClCompile Include="src\http\achievements.cpp">
      <Filter>Source Files\http</Filter>
    </ClCompile>
    <ClCompile Include="src\io\joystick.cpp">
      <Filter>Source Files\io</Filter>
    </ClCompile>
    <ClCompile Include="src\io\dirutil.cpp">
      <Filter>Source Files\io</Filter>
    </ClCompile>
    <ClCompile Include="src\io\fileio.cpp">
      <Filter>Source Files\io</Filter>
    </ClCompile>
    <ClCompile Include="src\io\cfgloader.cpp">
      <Filter>Source Files\io</Filter>
    </ClCompile>
    <ClCompile Include="src\io\hotkeys.cpp">
      <Filter>Source Files\io</Filter>
    </ClCompile>
    <ClCompile Include="src\so\launcher.cpp">
      <Filter>Source Files\so</Filter>
    </ClCompile>
    <ClCompile Include="src\so\soutils.cpp">
      <Filter>Source Files\so</Filter>
    </ClCompile>
    <ClCompile Include="src\image\icons.cpp">
      <Filter>Source Files\image</Filter>
    </ClCompile>
    <ClCompile Include="src\io\filepackage.cpp">
      <Filter>Source Files\io</Filter>
    </ClCompile>
    <ClCompile Include="src\video\win_d3d9.cpp">
      <Filter>Source Files\video</Filter>
    </ClCompile>
    <ClCompile Include="src\video\shaderpreset.cpp">
      <Filter>Source Files\video</Filter>
    </ClCompile>
    <ClCompile Include="src\font\fonts.cpp">
      <Filter>Source Files\io</Filter>
    </ClCompile>
    <ClCompile Include="src\utils\logger.cpp">
      <Filter>Source Files\io</Filter>
    </ClCompile>
    <ClCompile Include="src\http\gamefaqs.cpp">
      <Filter>Source Files\http</Filter>
    </ClCompile>
    <ClCompile Include="src\cheats\cheatmanager.cpp">
      <Filter>Source Files\cheats</Filter>
    </ClCompile>
    <ClCompile Include="src\cheats\rdbreader.cpp">
      <Filter>Source Files\cheats</Filter>
    </ClCompile>
    <ClCompile Include="src\retroachievements\CHDHashed.cpp">
      <Filter>Source Files\retroachievements</Filter>
    </ClCompile>
    <ClCompile Include="src\retroachievements\HashCHD.cpp">
      <Filter>Source Files\retroachievements</Filter>
    </ClCompile>
    <ClCompile Include="src\const\constant.cpp">
      <Filter>Source Files\frontend</Filter>
    </ClCompile>
    <ClCompile Include="src\menus\gamemenu.cpp">
      <Filter>Source Files\frontend\menus</Filter>
    </ClCompile>
    <ClCompile Include="src\menus\gestormenus.cpp">
      <Filter>Source Files\frontend\menus</Filter>
    </ClCompile>
    <ClCompile Include="src\libretro\libretro_stub.c">
      <Filter>Source Files\so</Filter>
    </ClCompile>
    <ClCompile Include="src\salvia.cpp">
      <Filter>Source Files</Filter>
    </ClCompile>
    <ClCompile Include="src\menus\menuassetloader.cpp">
      <Filter>Source Files\frontend\menus</Filter>
    </ClCompile>
    <ClCompile Include="libs\libretro-common\formats\mp3\rmp3.c">
      <Filter>Source Files\audio</Filter>
    </ClCompile>
    <ClCompile Include="src\audio\midisynth.cpp">
      <Filter>Source Files\audio</Filter>
    </ClCompile>
  </ItemGroup>
  <ItemGroup>
    <ClInclude Include="src\const\constant.h">
      <Filter>Header Files</Filter>
    </ClInclude>
    <ClInclude Include="src\io\fileio.h">
      <Filter>Header Files</Filter>
    </ClInclude>
    <ClInclude Include="src\io\joystick.h">
      <Filter>Header Files</Filter>
    </ClInclude>
    <ClInclude Include="src\io\sync.h">
      <Filter>Header Files</Filter>
    </ClInclude>
    <ClInclude Include="src\engine.h">
      <Filter>Header Files</Filter>
    </ClInclude>
    <ClInclude Include="src\utils\logger.h">
      <Filter>Header Files</Filter>
    </ClInclude>
    <ClInclude Include="src\gfx\SDL_gfxPrimitives.h">
      <Filter>Header Files</Filter>
    </ClInclude>
    <ClInclude Include="src\gfx\SDL_gfxBlitFunc.h">
      <Filter>Header Files</Filter>
    </ClInclude>
    <ClInclude Include="src\gfx\SDL_gfxPrimitives_font.h">
      <Filter>Header Files</Filter>
    </ClInclude>
    <ClInclude Include="src\gfx\SDL_rotozoom.h">
      <Filter>Header Files</Filter>
    </ClInclude>
    <ClInclude Include="src\beans\structures.h">
      <Filter>Header Files</Filter>
    </ClInclude>
    <ClInclude Include="src\uiobjects\image.h">
      <Filter>Header Files</Filter>
    </ClInclude>
    <ClInclude Include="src\uiobjects\listmenu.h">
      <Filter>Header Files</Filter>
    </ClInclude>
    <ClInclude Include="src\uiobjects\object.h">
      <Filter>Header Files</Filter>
    </ClInclude>
    <ClInclude Include="src\uiobjects\textarea.h">
      <Filter>Header Files</Filter>
    </ClInclude>
    <ClInclude Include="src\uiobjects\tilemap.h">
      <Filter>Header Files</Filter>
    </ClInclude>
    <ClInclude Include="src\io\cfgloader.h">
      <Filter>Header Files</Filter>
    </ClInclude>
    <ClInclude Include="src\io\dirutil.h">
      <Filter>Header Files</Filter>
    </ClInclude>
    <ClInclude Include="src\io\fileprops.h">
      <Filter>Header Files</Filter>
    </ClInclude>
    <ClInclude Include="src\compat\dirent.h">
      <Filter>Header Files</Filter>
    </ClInclude>
    <ClInclude Include="src\font\fonts.h">
      <Filter>Header Files</Filter>
    </ClInclude>
    <ClInclude Include="src\gfx\gfx_utils.h">
      <Filter>Header Files</Filter>
    </ClInclude>
    <ClInclude Include="src\font\Arimo_Regular.ttf.h">
      <Filter>Header Files</Filter>
    </ClInclude>
    <ClInclude Include="src\io\cursorgestor.h">
      <Filter>Header Files</Filter>
    </ClInclude>
    <ClInclude Include="src\unzip\GZipHelper.h">
      <Filter>Header Files</Filter>
    </ClInclude>
    <ClInclude Include="src\unzip\unziptool.h">
      <Filter>Header Files</Filter>
    </ClInclude>
    <ClInclude Include="src\menus\gestormenus.h">
      <Filter>Header Files</Filter>
    </ClInclude>
    <ClInclude Include="src\const\menuconst.h">
      <Filter>Header Files</Filter>
    </ClInclude>
    <ClInclude Include="src\so\launcher.h">
      <Filter>Header Files</Filter>
    </ClInclude>
    <ClInclude Include="src\const\cfgconst.h">
      <Filter>Header Files</Filter>
    </ClInclude>
    <ClInclude Include="src\libretro\vfs.h">
      <Filter>Header Files</Filter>
    </ClInclude>
    <ClInclude Include="src\io\video.h">
      <Filter>Source Files\soft_filters</Filter>
    </ClInclude>
    <ClInclude Include="src\io\hq2xbox\hq2xx.h">
      <Filter>Source Files\soft_filters</Filter>
    </ClInclude>
    <ClInclude Include="src\io\video_direct.h">
      <Filter>Source Files\soft_filters</Filter>
    </ClInclude>
    <ClInclude Include="src\http\safedownloadqueue.h">
      <Filter>Source Files\http</Filter>
    </ClInclude>
    <ClInclude Include="src\io\video_common.h">
      <Filter>Source Files\soft_filters</Filter>
    </ClInclude>
    <ClInclude Include="src\io\progress_bar.h">
      <Filter>Header Files</Filter>
    </ClInclude>
    <ClInclude Include="src\libretro\libretro.h">
      <Filter>Header Files</Filter>
    </ClInclude>
    <ClInclude Include="src\http\achievements.h">
      <Filter>Header Files</Filter>
    </ClInclude>
    <ClInclude Include="src\io\inputscore.h">
      <Filter>Source Files\io</Filter>
    </ClInclude>
    <ClInclude Include="src\io\inputsmenu.h">
      <Filter>Source Files\io</Filter>
    </ClInclude>
    <ClInclude Include="src\io\keyboard.h">
      <Filter>Source Files\io</Filter>
    </ClInclude>
    <ClInclude Include="src\unzip\ZipBrowser.h">
      <Filter>Header Files</Filter>
    </ClInclude>
    <ClInclude Include="src\io\filepackage.h">
      <Filter>Header Files</Filter>
    </ClInclude>
    <ClInclude Include="src\http\dev_credentials.h">
      <Filter>Header Files</Filter>
    </ClInclude>
    <ClInclude Include="src\video\win_d3d9.h">
      <Filter>Header Files</Filter>
    </ClInclude>
    <ClInclude Include="src\video\HLSLBackground.h">
      <Filter>Source Files\video</Filter>
    </ClInclude>
    <ClInclude Include="src\video\shaderpreset.h">
      <Filter>Source Files\video</Filter>
    </ClInclude>
    <ClInclude Include="src\video\salvia_shader_api.h">
      <Filter>Source Files\video</Filter>
    </ClInclude>
    <ClInclude Include="src\http\gamefaqs.h">
      <Filter>Header Files</Filter>
    </ClInclude>
    <ClInclude Include="src\cheats\cheatmanager.h">
      <Filter>Header Files</Filter>
    </ClInclude>
    <ClInclude Include="src\cheats\rdbreader.h">
      <Filter>Header Files</Filter>
    </ClInclude>
    <ClInclude Include="src\menus\gamemenu.h">
      <Filter>Header Files</Filter>
    </ClInclude>
    <ClInclude Include="src\dischelper.h">
      <Filter>Header Files</Filter>
    </ClInclude>
    <ClInclude Include="src\statesram.h">
      <Filter>Header Files</Filter>
    </ClInclude>
    <ClInclude Include="src\salvia.h">
      <Filter>Header Files</Filter>
    </ClInclude>
    <ClInclude Include="src\image\icons.h">
      <Filter>Header Files</Filter>
    </ClInclude>
    <ClInclude Include="src\image\lodepng.h">
      <Filter>Header Files</Filter>
    </ClInclude>
    <ClInclude Include="src\http\scrapper.h">
      <Filter>Header Files</Filter>
    </ClInclude>
    <ClInclude Include="src\io\hotkeys.h">
      <Filter>Header Files</Filter>
    </ClInclude>
    <ClInclude Include="src\so\soutils.h">
      <Filter>Header Files</Filter>
    </ClInclude>
    <ClInclude Include="src\audio\audiorate.h">
      <Filter>Source Files\audio</Filter>
    </ClInclude>
    <ClInclude Include="src\audio\audiobuffer.h">
      <Filter>Source Files\audio</Filter>
    </ClInclude>
    <ClInclude Include="src\audio\musicplayer.h">
      <Filter>Source Files\audio</Filter>
    </ClInclude>
    <ClInclude Include="src\audio\midisynth.h">
      <Filter>Header Files</Filter>
    </ClInclude>
    <ClInclude Include="libs\tinysoundfont\tsf.h">
      <Filter>Header Files</Filter>
    </ClInclude>
  </ItemGroup>
  <ItemGroup>
    <None Include="DistroWin\assets\i18n\en.ini">
      <Filter>i18n</Filter>
    </None>
    <None Include="DistroWin\assets\i18n\es.ini">
      <Filter>i18n</Filter>
    </None>
    <None Include="ClassDiagram1.cd" />
  </ItemGroup>
</Project>