<?xml version="1.0" encoding="utf-8"?>
<Project ToolsVersion="4.0" xmlns="http://schemas.microsoft.com/developer/msbuild/2003">
  <ItemGroup>
    <Filter Include="Source Files">
      <UniqueIdentifier>{4FC737F1-C7A5-4376-A066-2A32D752A2FF}</UniqueIdentifier>
      <Extensions>cpp;c;cc;cxx;def;odl;idl;hpj;bat;asm;asmx</Extensions>
    </Filter>
    <Filter Include="Header Files">
      <UniqueIdentifier>{93995380-89BD-4b04-88EB-625FBE52EBFB}</UniqueIdentifier>
      <Extensions>h;hpp;hxx;hm;inl;inc;xsd</Extensions>
    </Filter>
    <Filter Include="Resource Files">
      <UniqueIdentifier>{67DA6AB6-F800-4c08-8B7A-83BB121AAD01}</UniqueIdentifier>
      <Extensions>rc;ico;cur;bmp;dlg;rc2;rct;bin;rgs;gif;jpg;jpeg;jpe;resx;tiff;tif;png;wav;mfcribbon-ms</Extensions>
    </Filter>
    <Filter Include="Source Files\libretro-common">
      <UniqueIdentifier>{0bea21d7-ec77-4819-88d6-9314b7cc7379}</UniqueIdentifier>
    </Filter>
  </ItemGroup>
  <ItemGroup>
    <ClCompile Include="..\src\apu.c">
      <Filter>Source Files</Filter>
    </ClCompile>
    <ClCompile Include="..\src\bsx.c">
      <Filter>Source Files</Filter>
    </ClCompile>
    <ClCompile Include="..\src\c4emu.c">
      <Filter>Source Files</Filter>
    </ClCompile>
    <ClCompile Include="..\src\cheats.c">
      <Filter>Source Files</Filter>
    </ClCompile>
    <ClCompile Include="..\src\controls.c">
      <Filter>Source Files</Filter>
    </ClCompile>
    <ClCompile Include="..\src\cpu.c">
      <Filter>Source Files</Filter>
    </ClCompile>
    <ClCompile Include="..\src\cpuexec.c">
      <Filter>Source Files</Filter>
    </ClCompile>
    <ClCompile Include="..\src\dsp.c">
      <Filter>Source Files</Filter>
    </ClCompile>
    <ClCompile Include="..\src\fxemu.c">
      <Filter>Source Files</Filter>
    </ClCompile>
    <ClCompile Include="..\src\globals.c">
      <Filter>Source Files</Filter>
    </ClCompile>
    <ClCompile Include="..\src\hwregisters.c">
      <Filter>Source Files</Filter>
    </ClCompile>
    <ClCompile Include="..\src\obc1.c">
      <Filter>Source Files</Filter>
    </ClCompile>
    <ClCompile Include="..\src\ppu.c">
      <Filter>Source Files</Filter>
    </ClCompile>
    <ClCompile Include="..\src\sa1.c">
      <Filter>Source Files</Filter>
    </ClCompile>
    <ClCompile Include="..\src\sdd1.c">
      <Filter>Source Files</Filter>
    </ClCompile>
    <ClCompile Include="..\src\seta.c">
      <Filter>Source Files</Filter>
    </ClCompile>
    <ClCompile Include="..\src\snapshot.c">
      <Filter>Source Files</Filter>
    </ClCompile>
    <ClCompile Include="..\src\spc7110.c">
      <Filter>Source Files</Filter>
    </ClCompile>
    <ClCompile Include="..\src\srtc.c">
      <Filter>Source Files</Filter>
    </ClCompile>
    <ClCompile Include="..\src\tile.c">
      <Filter>Source Files</Filter>
    </ClCompile>
    <ClCompile Include="..\filter\snes_ntsc.c">
      <Filter>Source Files</Filter>
    </ClCompile>
    <ClCompile Include="..\libretro\libretro.c">
      <Filter>Source Files</Filter>
    </ClCompile>
    <ClCompile Include="..\libretro\libretro-common\time\rtime.c">
      <Filter>Source Files</Filter>
    </ClCompile>
    <ClCompile Include="..\src\memmap.c">
      <Filter>Source Files</Filter>
    </ClCompile>
    <ClCompile Include="..\src\bsflash.c">
      <Filter>Source Files</Filter>
    </ClCompile>
    <ClCompile Include="..\src\msu1.c">
      <Filter>Source Files</Filter>
    </ClCompile>
    <ClCompile Include="..\libretro\libretro-common\compat\compat_posix_string.c">
      <Filter>Source Files\libretro-common</Filter>
    </ClCompile>
    <ClCompile Include="..\libretro\libretro-common\compat\compat_strl.c">
      <Filter>Source Files\libretro-common</Filter>
    </ClCompile>
    <ClCompile Include="..\libretro\libretro-common\compat\compat_snprintf.c">
      <Filter>Source Files\libretro-common</Filter>
    </ClCompile>
    <ClCompile Include="..\libretro\libretro-common\compat\compat_strcasestr.c">
      <Filter>Source Files\libretro-common</Filter>
    </ClCompile>
    <ClCompile Include="..\libretro\libretro-common\formats\png\rpng.c">
      <Filter>Source Files\libretro-common</Filter>
    </ClCompile>
    <ClCompile Include="..\libretro\libretro-common\formats\png\rpng_encode.c">
      <Filter>Source Files\libretro-common</Filter>
    </ClCompile>
    <ClCompile Include="..\libretro\libretro-common\formats\image_transfer.c">
      <Filter>Source Files\libretro-common</Filter>
    </ClCompile>
    <ClCompile Include="..\libretro\libretro-common\formats\webp\rwebp.c">
      <Filter>Source Files\libretro-common</Filter>
    </ClCompile>
    <ClCompile Include="..\libretro\libretro-common\formats\vp8\rvp8.c">
      <Filter>Source Files\libretro-common</Filter>
    </ClCompile>
    <ClCompile Include="..\libretro\libretro-common\formats\dds\rdds.c">
      <Filter>Source Files\libretro-common</Filter>
    </ClCompile>
    <ClCompile Include="..\libretro\libretro-common\streams\trans_stream.c">
      <Filter>Source Files\libretro-common</Filter>
    </ClCompile>
    <ClCompile Include="..\libretro\libretro-common\streams\trans_stream_pipe.c">
      <Filter>Source Files\libretro-common</Filter>
    </ClCompile>
    <ClCompile Include="..\libretro\libretro-common\encodings\encoding_crc32.c">
      <Filter>Source Files\libretro-common</Filter>
    </ClCompile>
    <ClCompile Include="..\libretro\libretro-common\streams\interface_stream.c">
      <Filter>Source Files\libretro-common</Filter>
    </ClCompile>
    <ClCompile Include="..\libretro\libretro-common\streams\rzip_stream.c">
      <Filter>Source Files\libretro-common</Filter>
    </ClCompile>
    <ClCompile Include="..\libretro\libretro-common\encodings\encoding_utf.c">
      <Filter>Source Files\libretro-common</Filter>
    </ClCompile>
    <ClCompile Include="..\libretro\libretro-common\compat\fopen_utf8.c">
      <Filter>Source Files\libretro-common</Filter>
    </ClCompile>
    <ClCompile Include="..\libretro\libretro-common\file\file_path.c">
      <Filter>Source Files\libretro-common</Filter>
    </ClCompile>
    <ClCompile Include="..\libretro\libretro-common\file\file_path_io.c">
      <Filter>Source Files\libretro-common</Filter>
    </ClCompile>
    <ClCompile Include="..\libretro\libretro-common\streams\file_stream.c">
      <Filter>Source Files\libretro-common</Filter>
    </ClCompile>
    <ClCompile Include="..\libretro\libretro-common\streams\file_stream_transforms.c">
      <Filter>Source Files\libretro-common</Filter>
    </ClCompile>
    <ClCompile Include="..\libretro\libretro-common\string\stdstring.c">
      <Filter>Source Files\libretro-common</Filter>
    </ClCompile>
    <ClCompile Include="..\libretro\libretro-common\memmap\memalign.c">
      <Filter>Source Files\libretro-common</Filter>
    </ClCompile>
    <ClCompile Include="..\libretro\libretro-common\streams\memory_stream.c">
      <Filter>Source Files\libretro-common</Filter>
    </ClCompile>
    <ClCompile Include="..\libretro\libretro-common\vfs\vfs_implementation.c">
      <Filter>Source Files\libretro-common</Filter>
    </ClCompile>
    <ClCompile Include="..\src\hdpack.c">
      <Filter>Source Files</Filter>
    </ClCompile>
    <ClCompile Include="..\src\msu1_pack.c">
      <Filter>Source Files</Filter>
    </ClCompile>
    <ClCompile Include="..\libretro\libretro-common\formats\png\rpng_apng.c">
      <Filter>Source Files\libretro-common</Filter>
    </ClCompile>
    <ClCompile Include="..\libretro\libretro-common\streams\trans_stream_deflate.c">
      <Filter>Source Files\libretro-common</Filter>
    </ClCompile>
    <ClCompile Include="..\libretro\libretro-common\encodings\encoding_deflate.c">
      <Filter>Source Files\libretro-common</Filter>
    </ClCompile>
  </ItemGroup>
  <ItemGroup>
    <ClInclude Include="..\src\blargg_endian.h">
      <Filter>Resource Files</Filter>
    </ClInclude>
    <ClInclude Include="..\src\port.h">
      <Filter>Resource Files</Filter>
    </ClInclude>
  </ItemGroup>
</Project>