
Microsoft Visual Studio Solution File, Format Version 11.00
# Visual Studio 2010
Project("{8BC9CEB8-8B4A-11D0-8D11-00A0C91BC942}") = "px68k", "px68k.vcxproj", "{AD1FD97F-9A2B-4A50-9CF3-3887D55B765D}"
EndProject
Global
	GlobalSection(SolutionConfigurationPlatforms) = preSolution
		Debug|Win32 = Debug|Win32
		Debug|Xbox 360 = Debug|Xbox 360
		Release_musashi|Win32 = Release_musashi|Win32
		Release_musashi|Xbox 360 = Release_musashi|Xbox 360
		Release|Win32 = Release|Win32
		Release|Xbox 360 = Release|Xbox 360
	EndGlobalSection
	GlobalSection(ProjectConfigurationPlatforms) = postSolution
		{AD1FD97F-9A2B-4A50-9CF3-3887D55B765D}.Debug|Win32.ActiveCfg = Debug|Win32
		{AD1FD97F-9A2B-4A50-9CF3-3887D55B765D}.Debug|Win32.Build.0 = Debug|Win32
		{AD1FD97F-9A2B-4A50-9CF3-3887D55B765D}.Debug|Xbox 360.ActiveCfg = Debug|Xbox 360
		{AD1FD97F-9A2B-4A50-9CF3-3887D55B765D}.Debug|Xbox 360.Build.0 = Debug|Xbox 360
		{AD1FD97F-9A2B-4A50-9CF3-3887D55B765D}.Debug|Xbox 360.Deploy.0 = Debug|Xbox 360
		{AD1FD97F-9A2B-4A50-9CF3-3887D55B765D}.Release_musashi|Win32.ActiveCfg = Release_musashi|Win32
		{AD1FD97F-9A2B-4A50-9CF3-3887D55B765D}.Release_musashi|Win32.Build.0 = Release_musashi|Win32
		{AD1FD97F-9A2B-4A50-9CF3-3887D55B765D}.Release_musashi|Xbox 360.ActiveCfg = Release_musashi|Xbox 360
		{AD1FD97F-9A2B-4A50-9CF3-3887D55B765D}.Release_musashi|Xbox 360.Build.0 = Release_musashi|Xbox 360
		{AD1FD97F-9A2B-4A50-9CF3-3887D55B765D}.Release_musashi|Xbox 360.Deploy.0 = Release_musashi|Xbox 360
		{AD1FD97F-9A2B-4A50-9CF3-3887D55B765D}.Release|Win32.ActiveCfg = Release|Win32
		{AD1FD97F-9A2B-4A50-9CF3-3887D55B765D}.Release|Win32.Build.0 = Release|Win32
		{AD1FD97F-9A2B-4A50-9CF3-3887D55B765D}.Release|Xbox 360.ActiveCfg = Release|Xbox 360
		{AD1FD97F-9A2B-4A50-9CF3-3887D55B765D}.Release|Xbox 360.Build.0 = Release|Xbox 360
		{AD1FD97F-9A2B-4A50-9CF3-3887D55B765D}.Release|Xbox 360.Deploy.0 = Release|Xbox 360
	EndGlobalSection
	GlobalSection(SolutionProperties) = preSolution
		HideSolutionNode = FALSE
	EndGlobalSection
EndGlobal
